
Microsoft Visual Studio Solution File, Format Version 12.00
# Visual Studio Version 17
VisualStudioVersion = 17.10.34928.147
MinimumVisualStudioVersion = 10.0.40219.1
Project("{2150E333-8FDC-42A3-9474-1A3956D46DE8}") = "ProductService", "ProductService", "{9A8555ED-5149-4222-A6A8-D56C780D0EF6}"
EndProject
Project("{9A19103F-16F7-4668-BE54-9A1E7A4F7556}") = "ProductService.Api", "ProductService\ProductService.Api\ProductService.Api.csproj", "{7FF31CF6-E97A-4133-BE5A-59279B69431E}"
EndProject
Project("{9A19103F-16F7-4668-BE54-9A1E7A4F7556}") = "Common", "Common\Common.csproj", "{20351AF4-7231-4592-A544-2ABBB4DBA163}"
EndProject
Project("{2150E333-8FDC-42A3-9474-1A3956D46DE8}") = "ChatService", "ChatService", "{C4674252-A4A9-4DE0-98CB-D841D09326FA}"
EndProject
Project("{FAE04EC0-301F-11D3-BF4B-00C04F79EFBC}") = "ChatService.Api", "ChatService\ChatService.Api\ChatService.Api.csproj", "{D1114579-471D-44A5-BCCE-85A6A0B3A57A}"
EndProject
Global
	GlobalSection(SolutionConfigurationPlatforms) = preSolution
		Debug|Any CPU = Debug|Any CPU
		Release|Any CPU = Release|Any CPU
	EndGlobalSection
	GlobalSection(ProjectConfigurationPlatforms) = postSolution
		{7FF31CF6-E97A-4133-BE5A-59279B69431E}.Debug|Any CPU.ActiveCfg = Debug|Any CPU
		{7FF31CF6-E97A-4133-BE5A-59279B69431E}.Debug|Any CPU.Build.0 = Debug|Any CPU
		{7FF31CF6-E97A-4133-BE5A-59279B69431E}.Release|Any CPU.ActiveCfg = Release|Any CPU
		{7FF31CF6-E97A-4133-BE5A-59279B69431E}.Release|Any CPU.Build.0 = Release|Any CPU
		{20351AF4-7231-4592-A544-2ABBB4DBA163}.Debug|Any CPU.ActiveCfg = Debug|Any CPU
		{20351AF4-7231-4592-A544-2ABBB4DBA163}.Debug|Any CPU.Build.0 = Debug|Any CPU
		{20351AF4-7231-4592-A544-2ABBB4DBA163}.Release|Any CPU.ActiveCfg = Release|Any CPU
		{20351AF4-7231-4592-A544-2ABBB4DBA163}.Release|Any CPU.Build.0 = Release|Any CPU
		{D1114579-471D-44A5-BCCE-85A6A0B3A57A}.Debug|Any CPU.ActiveCfg = Debug|Any CPU
		{D1114579-471D-44A5-BCCE-85A6A0B3A57A}.Debug|Any CPU.Build.0 = Debug|Any CPU
		{D1114579-471D-44A5-BCCE-85A6A0B3A57A}.Release|Any CPU.ActiveCfg = Release|Any CPU
		{D1114579-471D-44A5-BCCE-85A6A0B3A57A}.Release|Any CPU.Build.0 = Release|Any CPU
	EndGlobalSection
	GlobalSection(SolutionProperties) = preSolution
		HideSolutionNode = FALSE
	EndGlobalSection
	GlobalSection(NestedProjects) = preSolution
		{7FF31CF6-E97A-4133-BE5A-59279B69431E} = {9A8555ED-5149-4222-A6A8-D56C780D0EF6}
		{D1114579-471D-44A5-BCCE-85A6A0B3A57A} = {C4674252-A4A9-4DE0-98CB-D841D09326FA}
	EndGlobalSection
	GlobalSection(ExtensibilityGlobals) = postSolution
		SolutionGuid = {5AB9FA2F-0C99-4A59-9816-C51C078B9056}
	EndGlobalSection
EndGlobal
